
Microsoft Visual Studio Solution File, Format Version 12.00
# Visual Studio Version 17
VisualStudioVersion = 17.3.32819.101
MinimumVisualStudioVersion = 10.0.40219.1
Project("{FAE04EC0-301F-11D3-BF4B-00C04F79EFBC}") = "For_While_Schleifen", "For_While_Schleifen\For_While_Schleifen.csproj", "{C88D1DC1-EF0D-4186-B55B-0F9A6647C1D4}"
EndProject
Global
	GlobalSection(SolutionConfigurationPlatforms) = preSolution
		Debug|Any CPU = Debug|Any CPU
		Release|Any CPU = Release|Any CPU
	EndGlobalSection
	GlobalSection(ProjectConfigurationPlatforms) = postSolution
		{C88D1DC1-EF0D-4186-B55B-0F9A6647C1D4}.Debug|Any CPU.ActiveCfg = Debug|Any CPU
		{C88D1DC1-EF0D-4186-B55B-0F9A6647C1D4}.Debug|Any CPU.Build.0 = Debug|Any CPU
		{C88D1DC1-EF0D-4186-B55B-0F9A6647C1D4}.Release|Any CPU.ActiveCfg = Release|Any CPU
		{C88D1DC1-EF0D-4186-B55B-0F9A6647C1D4}.Release|Any CPU.Build.0 = Release|Any CPU
	EndGlobalSection
	GlobalSection(SolutionProperties) = preSolution
		HideSolutionNode = FALSE
	EndGlobalSection
	GlobalSection(ExtensibilityGlobals) = postSolution
		SolutionGuid = {D10FC856-9836-4B86-A61B-6256326A6FC6}
	EndGlobalSection
EndGlobal
