
Microsoft Visual Studio Solution File, Format Version 12.00
# Visual Studio Version 17
VisualStudioVersion = 17.3.32922.545
MinimumVisualStudioVersion = 10.0.40219.1
Project("{FAE04EC0-301F-11D3-BF4B-00C04F79EFBC}") = "Inhaltsverzeichnis", "Inhaltsverzeichnis\Inhaltsverzeichnis.csproj", "{16E616F2-0B3B-4532-9046-43DE8A0E1C42}"
EndProject
Global
	GlobalSection(SolutionConfigurationPlatforms) = preSolution
		Debug|Any CPU = Debug|Any CPU
		Release|Any CPU = Release|Any CPU
	EndGlobalSection
	GlobalSection(ProjectConfigurationPlatforms) = postSolution
		{16E616F2-0B3B-4532-9046-43DE8A0E1C42}.Debug|Any CPU.ActiveCfg = Debug|Any CPU
		{16E616F2-0B3B-4532-9046-43DE8A0E1C42}.Debug|Any CPU.Build.0 = Debug|Any CPU
		{16E616F2-0B3B-4532-9046-43DE8A0E1C42}.Release|Any CPU.ActiveCfg = Release|Any CPU
		{16E616F2-0B3B-4532-9046-43DE8A0E1C42}.Release|Any CPU.Build.0 = Release|Any CPU
	EndGlobalSection
	GlobalSection(SolutionProperties) = preSolution
		HideSolutionNode = FALSE
	EndGlobalSection
	GlobalSection(ExtensibilityGlobals) = postSolution
		SolutionGuid = {BC63C07C-D957-4D38-9C4B-51F21CEBD8B6}
	EndGlobalSection
EndGlobal
