
Microsoft Visual Studio Solution File, Format Version 12.00
# Visual Studio Version 17
VisualStudioVersion = 17.3.32811.315
MinimumVisualStudioVersion = 10.0.40219.1
Project("{FAE04EC0-301F-11D3-BF4B-00C04F79EFBC}") = "Test1", "Test1.csproj", "{92592B68-B532-4DD1-85D6-1AB9616B9F25}"
EndProject
Global
	GlobalSection(SolutionConfigurationPlatforms) = preSolution
		Debug|Any CPU = Debug|Any CPU
		Release|Any CPU = Release|Any CPU
	EndGlobalSection
	GlobalSection(ProjectConfigurationPlatforms) = postSolution
		{92592B68-B532-4DD1-85D6-1AB9616B9F25}.Debug|Any CPU.ActiveCfg = Debug|Any CPU
		{92592B68-B532-4DD1-85D6-1AB9616B9F25}.Debug|Any CPU.Build.0 = Debug|Any CPU
		{92592B68-B532-4DD1-85D6-1AB9616B9F25}.Release|Any CPU.ActiveCfg = Release|Any CPU
		{92592B68-B532-4DD1-85D6-1AB9616B9F25}.Release|Any CPU.Build.0 = Release|Any CPU
	EndGlobalSection
	GlobalSection(SolutionProperties) = preSolution
		HideSolutionNode = FALSE
	EndGlobalSection
	GlobalSection(ExtensibilityGlobals) = postSolution
		SolutionGuid = {27EE288F-098A-4067-A4C5-AF39BF737A56}
	EndGlobalSection
EndGlobal
