
Microsoft Visual Studio Solution File, Format Version 12.00
# Visual Studio Version 17
VisualStudioVersion = 17.4.33103.184
MinimumVisualStudioVersion = 10.0.40219.1
Project("{FAE04EC0-301F-11D3-BF4B-00C04F79EFBC}") = "Stopuhr", "Stopuhr\Stopuhr.csproj", "{6E7985C2-A313-423C-8DB6-AA0F43961E6C}"
EndProject
Global
	GlobalSection(SolutionConfigurationPlatforms) = preSolution
		Debug|Any CPU = Debug|Any CPU
		Release|Any CPU = Release|Any CPU
	EndGlobalSection
	GlobalSection(ProjectConfigurationPlatforms) = postSolution
		{6E7985C2-A313-423C-8DB6-AA0F43961E6C}.Debug|Any CPU.ActiveCfg = Debug|Any CPU
		{6E7985C2-A313-423C-8DB6-AA0F43961E6C}.Debug|Any CPU.Build.0 = Debug|Any CPU
		{6E7985C2-A313-423C-8DB6-AA0F43961E6C}.Release|Any CPU.ActiveCfg = Release|Any CPU
		{6E7985C2-A313-423C-8DB6-AA0F43961E6C}.Release|Any CPU.Build.0 = Release|Any CPU
	EndGlobalSection
	GlobalSection(SolutionProperties) = preSolution
		HideSolutionNode = FALSE
	EndGlobalSection
	GlobalSection(ExtensibilityGlobals) = postSolution
		SolutionGuid = {799EBF78-C076-4C9B-902E-976D37BC81AE}
	EndGlobalSection
EndGlobal
