
Microsoft Visual Studio Solution File, Format Version 12.00
# Visual Studio Version 17
VisualStudioVersion = 17.4.33103.184
MinimumVisualStudioVersion = 10.0.40219.1
Project("{FAE04EC0-301F-11D3-BF4B-00C04F79EFBC}") = "Git_Test", "Git_Test\Git_Test.csproj", "{C0640D57-BAC2-415F-BF5F-83ACD71665FB}"
EndProject
Global
	GlobalSection(SolutionConfigurationPlatforms) = preSolution
		Debug|Any CPU = Debug|Any CPU
		Release|Any CPU = Release|Any CPU
	EndGlobalSection
	GlobalSection(ProjectConfigurationPlatforms) = postSolution
		{C0640D57-BAC2-415F-BF5F-83ACD71665FB}.Debug|Any CPU.ActiveCfg = Debug|Any CPU
		{C0640D57-BAC2-415F-BF5F-83ACD71665FB}.Debug|Any CPU.Build.0 = Debug|Any CPU
		{C0640D57-BAC2-415F-BF5F-83ACD71665FB}.Release|Any CPU.ActiveCfg = Release|Any CPU
		{C0640D57-BAC2-415F-BF5F-83ACD71665FB}.Release|Any CPU.Build.0 = Release|Any CPU
	EndGlobalSection
	GlobalSection(SolutionProperties) = preSolution
		HideSolutionNode = FALSE
	EndGlobalSection
	GlobalSection(ExtensibilityGlobals) = postSolution
		SolutionGuid = {AF439210-0CEC-4E54-8100-C820FF8B867F}
	EndGlobalSection
EndGlobal
