
Microsoft Visual Studio Solution File, Format Version 12.00
# Visual Studio Version 17
VisualStudioVersion = 17.3.32819.101
MinimumVisualStudioVersion = 10.0.40219.1
Project("{FAE04EC0-301F-11D3-BF4B-00C04F79EFBC}") = "Umsatz_-_Bonus", "Umsatz_-_Bonus\Umsatz_-_Bonus.csproj", "{B6E77035-6150-4975-983F-3EF7D7D85E2E}"
EndProject
Global
	GlobalSection(SolutionConfigurationPlatforms) = preSolution
		Debug|Any CPU = Debug|Any CPU
		Release|Any CPU = Release|Any CPU
	EndGlobalSection
	GlobalSection(ProjectConfigurationPlatforms) = postSolution
		{B6E77035-6150-4975-983F-3EF7D7D85E2E}.Debug|Any CPU.ActiveCfg = Debug|Any CPU
		{B6E77035-6150-4975-983F-3EF7D7D85E2E}.Debug|Any CPU.Build.0 = Debug|Any CPU
		{B6E77035-6150-4975-983F-3EF7D7D85E2E}.Release|Any CPU.ActiveCfg = Release|Any CPU
		{B6E77035-6150-4975-983F-3EF7D7D85E2E}.Release|Any CPU.Build.0 = Release|Any CPU
	EndGlobalSection
	GlobalSection(SolutionProperties) = preSolution
		HideSolutionNode = FALSE
	EndGlobalSection
	GlobalSection(ExtensibilityGlobals) = postSolution
		SolutionGuid = {11FBB43E-036C-4720-A9FA-8690C54BDA75}
	EndGlobalSection
EndGlobal
