
Microsoft Visual Studio Solution File, Format Version 12.00
# Visual Studio Version 17
VisualStudioVersion = 17.3.32819.101
MinimumVisualStudioVersion = 10.0.40219.1
Project("{FAE04EC0-301F-11D3-BF4B-00C04F79EFBC}") = "Alter_Erkennung", "Alter_Erkennung\Alter_Erkennung.csproj", "{DC12119A-A5FC-4D22-868C-BE7F266C5F54}"
EndProject
Global
	GlobalSection(SolutionConfigurationPlatforms) = preSolution
		Debug|Any CPU = Debug|Any CPU
		Release|Any CPU = Release|Any CPU
	EndGlobalSection
	GlobalSection(ProjectConfigurationPlatforms) = postSolution
		{DC12119A-A5FC-4D22-868C-BE7F266C5F54}.Debug|Any CPU.ActiveCfg = Debug|Any CPU
		{DC12119A-A5FC-4D22-868C-BE7F266C5F54}.Debug|Any CPU.Build.0 = Debug|Any CPU
		{DC12119A-A5FC-4D22-868C-BE7F266C5F54}.Release|Any CPU.ActiveCfg = Release|Any CPU
		{DC12119A-A5FC-4D22-868C-BE7F266C5F54}.Release|Any CPU.Build.0 = Release|Any CPU
	EndGlobalSection
	GlobalSection(SolutionProperties) = preSolution
		HideSolutionNode = FALSE
	EndGlobalSection
	GlobalSection(ExtensibilityGlobals) = postSolution
		SolutionGuid = {8AB1A0D9-374F-4452-AC1C-B0E084E4B5B9}
	EndGlobalSection
EndGlobal
