
Microsoft Visual Studio Solution File, Format Version 12.00
# Visual Studio Version 17
VisualStudioVersion = 17.3.32819.101
MinimumVisualStudioVersion = 10.0.40219.1
Project("{FAE04EC0-301F-11D3-BF4B-00C04F79EFBC}") = "BMI_Rechner", "BMI_Rechner\BMI_Rechner.csproj", "{B0D71DE5-4AF6-4E60-A67F-E38D2679F06A}"
EndProject
Global
	GlobalSection(SolutionConfigurationPlatforms) = preSolution
		Debug|Any CPU = Debug|Any CPU
		Release|Any CPU = Release|Any CPU
	EndGlobalSection
	GlobalSection(ProjectConfigurationPlatforms) = postSolution
		{B0D71DE5-4AF6-4E60-A67F-E38D2679F06A}.Debug|Any CPU.ActiveCfg = Debug|Any CPU
		{B0D71DE5-4AF6-4E60-A67F-E38D2679F06A}.Debug|Any CPU.Build.0 = Debug|Any CPU
		{B0D71DE5-4AF6-4E60-A67F-E38D2679F06A}.Release|Any CPU.ActiveCfg = Release|Any CPU
		{B0D71DE5-4AF6-4E60-A67F-E38D2679F06A}.Release|Any CPU.Build.0 = Release|Any CPU
	EndGlobalSection
	GlobalSection(SolutionProperties) = preSolution
		HideSolutionNode = FALSE
	EndGlobalSection
	GlobalSection(ExtensibilityGlobals) = postSolution
		SolutionGuid = {266B50FC-589E-4813-9DA2-5CB8BB223234}
	EndGlobalSection
EndGlobal
